# This file was autogenerated by Stack.
# You should not edit this file by hand.
# For more information, please see the documentation at:
#   https://docs.haskellstack.org/en/stable/lock_files

packages:
- completed:
    hackage: capability-0.4.0.0@sha256:d86d85a1691ef0165c77c47ea72eac75c99d21fb82947efe8b2f758991cf1837,3345
    pantry-tree:
      size: 2581
      sha256: 21bf502c888f32bd6aabeeef05bc2a362cf72bf694b432a0eda9431ac4cfea9b
  original:
    hackage: capability-0.4.0.0@sha256:d86d85a1691ef0165c77c47ea72eac75c99d21fb82947efe8b2f758991cf1837,3345
snapshots:
- completed:
    size: 567241
    url: https://raw.githubusercontent.com/commercialhaskell/stackage-snapshots/master/lts/17/10.yaml
    sha256: 321b3b9f0c7f76994b39e0dabafdc76478274b4ff74cc5e43d410897a335ad3b
  original:
    url: https://raw.githubusercontent.com/commercialhaskell/stackage-snapshots/master/lts/17/10.yaml
